
Microsoft Visual Studio Solution File, Format Version 12.00
# Visual Studio Version 17
VisualStudioVersion = 17.6.33815.320
MinimumVisualStudioVersion = 10.0.40219.1
Project("{FAE04EC0-301F-11D3-BF4B-00C04F79EFBC}") = "BookInventorySystemWeb", "BookInventorySystemWeb\BookInventorySystemWeb.csproj", "{1EB7A534-96F5-4FB3-AD3B-A5F0EE673366}"
EndProject
Project("{FAE04EC0-301F-11D3-BF4B-00C04F79EFBC}") = "BookDataAccessLayer", "BookDataAccessLayer\BookDataAccessLayer.csproj", "{C3F486AB-4F77-46D6-ACFE-FC0899539B0D}"
EndProject
Global
	GlobalSection(SolutionConfigurationPlatforms) = preSolution
		Debug|Any CPU = Debug|Any CPU
		Release|Any CPU = Release|Any CPU
	EndGlobalSection
	GlobalSection(ProjectConfigurationPlatforms) = postSolution
		{1EB7A534-96F5-4FB3-AD3B-A5F0EE673366}.Debug|Any CPU.ActiveCfg = Debug|Any CPU
		{1EB7A534-96F5-4FB3-AD3B-A5F0EE673366}.Debug|Any CPU.Build.0 = Debug|Any CPU
		{1EB7A534-96F5-4FB3-AD3B-A5F0EE673366}.Release|Any CPU.ActiveCfg = Release|Any CPU
		{1EB7A534-96F5-4FB3-AD3B-A5F0EE673366}.Release|Any CPU.Build.0 = Release|Any CPU
		{C3F486AB-4F77-46D6-ACFE-FC0899539B0D}.Debug|Any CPU.ActiveCfg = Debug|Any CPU
		{C3F486AB-4F77-46D6-ACFE-FC0899539B0D}.Debug|Any CPU.Build.0 = Debug|Any CPU
		{C3F486AB-4F77-46D6-ACFE-FC0899539B0D}.Release|Any CPU.ActiveCfg = Release|Any CPU
		{C3F486AB-4F77-46D6-ACFE-FC0899539B0D}.Release|Any CPU.Build.0 = Release|Any CPU
	EndGlobalSection
	GlobalSection(SolutionProperties) = preSolution
		HideSolutionNode = FALSE
	EndGlobalSection
	GlobalSection(ExtensibilityGlobals) = postSolution
		SolutionGuid = {4D8DB897-9F92-4F49-9772-49B81D22AC12}
	EndGlobalSection
EndGlobal
